# This file is automatically @generated by Cargo.
# It is not intended for manual editing.
version = 3

[[package]]
name = "executables"
version = "0.1.0"

[[package]]
name = "hello_world"
version = "0.1.0"
dependencies = [
 "mstd",
]

[[package]]
name = "kernel_constants"
version = "0.1.0"
source = "git+https://github.com/martimos/kernel_constants#2fe523b3e2d9464dda7113f2991bfb2bb99bddb6"

[[package]]
name = "mstd"
version = "0.1.0"
source = "git+https://github.com/martimos/mstd#40d4629fe068c09990d77b8aabf9ab9c3809ccdb"
dependencies = [
 "kernel_constants",
]
