# This file is automatically @generated by Cargo.
# It is not intended for manual editing.
version = 3

[[package]]
name = "executables"
version = "0.1.0"

[[package]]
name = "hello_world"
version = "0.1.0"
dependencies = [
 "mstd",
]

[[package]]
name = "kernel_constants"
version = "0.1.0"
source = "git+https://github.com/martimos/kernel_constants#3f061142ae7b97d2f20f707a6b4ea37f23e69845"

[[package]]
name = "mstd"
version = "0.1.0"
source = "git+https://github.com/martimos/mstd#d7c4d5a56a72c955679668aa5a683319b7897811"
dependencies = [
 "kernel_constants",
]
